
Microsoft Visual Studio Solution File, Format Version 12.00
# Visual Studio 15
VisualStudioVersion = 15.0.28307.1000
MinimumVisualStudioVersion = 10.0.40219.1
Project("{FAE04EC0-301F-11D3-BF4B-00C04F79EFBC}") = "TestAssessment", "TestAssessment\TestAssessment.csproj", "{F13E1218-F84C-4246-92DB-C817E9D88CB6}"
EndProject
Project("{FAE04EC0-301F-11D3-BF4B-00C04F79EFBC}") = "Test.BL", "Test.BL\Test.BL.csproj", "{5514B5A7-E877-4E20-9730-FED5BCC948BE}"
EndProject
Project("{FAE04EC0-301F-11D3-BF4B-00C04F79EFBC}") = "Test.EL", "Test.EL\Test.EL.csproj", "{0503FAC0-7A86-4590-ADB9-EE4C00914153}"
EndProject
Global
	GlobalSection(SolutionConfigurationPlatforms) = preSolution
		Debug|Any CPU = Debug|Any CPU
		Release|Any CPU = Release|Any CPU
	EndGlobalSection
	GlobalSection(ProjectConfigurationPlatforms) = postSolution
		{F13E1218-F84C-4246-92DB-C817E9D88CB6}.Debug|Any CPU.ActiveCfg = Debug|Any CPU
		{F13E1218-F84C-4246-92DB-C817E9D88CB6}.Debug|Any CPU.Build.0 = Debug|Any CPU
		{F13E1218-F84C-4246-92DB-C817E9D88CB6}.Release|Any CPU.ActiveCfg = Release|Any CPU
		{F13E1218-F84C-4246-92DB-C817E9D88CB6}.Release|Any CPU.Build.0 = Release|Any CPU
		{5514B5A7-E877-4E20-9730-FED5BCC948BE}.Debug|Any CPU.ActiveCfg = Debug|Any CPU
		{5514B5A7-E877-4E20-9730-FED5BCC948BE}.Debug|Any CPU.Build.0 = Debug|Any CPU
		{5514B5A7-E877-4E20-9730-FED5BCC948BE}.Release|Any CPU.ActiveCfg = Release|Any CPU
		{5514B5A7-E877-4E20-9730-FED5BCC948BE}.Release|Any CPU.Build.0 = Release|Any CPU
		{0503FAC0-7A86-4590-ADB9-EE4C00914153}.Debug|Any CPU.ActiveCfg = Debug|Any CPU
		{0503FAC0-7A86-4590-ADB9-EE4C00914153}.Debug|Any CPU.Build.0 = Debug|Any CPU
		{0503FAC0-7A86-4590-ADB9-EE4C00914153}.Release|Any CPU.ActiveCfg = Release|Any CPU
		{0503FAC0-7A86-4590-ADB9-EE4C00914153}.Release|Any CPU.Build.0 = Release|Any CPU
	EndGlobalSection
	GlobalSection(SolutionProperties) = preSolution
		HideSolutionNode = FALSE
	EndGlobalSection
	GlobalSection(ExtensibilityGlobals) = postSolution
		SolutionGuid = {C4BBFC32-26AA-40CA-ABFA-A39C2BE14AC5}
	EndGlobalSection
EndGlobal
